
Microsoft Visual Studio Solution File, Format Version 12.00
# Visual Studio Version 17
VisualStudioVersion = 17.9.34723.18
MinimumVisualStudioVersion = 10.0.40219.1
Project("{FAE04EC0-301F-11D3-BF4B-00C04F79EFBC}") = "Aula_9", "Aula_9\Aula_9.csproj", "{264C77A9-3EC1-4F33-A1E8-A36629EE18D2}"
EndProject
Global
	GlobalSection(SolutionConfigurationPlatforms) = preSolution
		Debug|Any CPU = Debug|Any CPU
		Release|Any CPU = Release|Any CPU
	EndGlobalSection
	GlobalSection(ProjectConfigurationPlatforms) = postSolution
		{264C77A9-3EC1-4F33-A1E8-A36629EE18D2}.Debug|Any CPU.ActiveCfg = Debug|Any CPU
		{264C77A9-3EC1-4F33-A1E8-A36629EE18D2}.Debug|Any CPU.Build.0 = Debug|Any CPU
		{264C77A9-3EC1-4F33-A1E8-A36629EE18D2}.Release|Any CPU.ActiveCfg = Release|Any CPU
		{264C77A9-3EC1-4F33-A1E8-A36629EE18D2}.Release|Any CPU.Build.0 = Release|Any CPU
	EndGlobalSection
	GlobalSection(SolutionProperties) = preSolution
		HideSolutionNode = FALSE
	EndGlobalSection
	GlobalSection(ExtensibilityGlobals) = postSolution
		SolutionGuid = {ABB03083-5B63-4EF9-A512-A06F014002EC}
	EndGlobalSection
EndGlobal
