
Microsoft Visual Studio Solution File, Format Version 12.00
# Visual Studio Version 17
VisualStudioVersion = 17.9.34607.119
MinimumVisualStudioVersion = 10.0.40219.1
Project("{FAE04EC0-301F-11D3-BF4B-00C04F79EFBC}") = "Aula_27_02", "Aula_27_02\Aula_27_02.csproj", "{106CF788-2B37-4648-A4A6-872B3DF76EAA}"
EndProject
Global
	GlobalSection(SolutionConfigurationPlatforms) = preSolution
		Debug|Any CPU = Debug|Any CPU
		Release|Any CPU = Release|Any CPU
	EndGlobalSection
	GlobalSection(ProjectConfigurationPlatforms) = postSolution
		{106CF788-2B37-4648-A4A6-872B3DF76EAA}.Debug|Any CPU.ActiveCfg = Debug|Any CPU
		{106CF788-2B37-4648-A4A6-872B3DF76EAA}.Debug|Any CPU.Build.0 = Debug|Any CPU
		{106CF788-2B37-4648-A4A6-872B3DF76EAA}.Release|Any CPU.ActiveCfg = Release|Any CPU
		{106CF788-2B37-4648-A4A6-872B3DF76EAA}.Release|Any CPU.Build.0 = Release|Any CPU
	EndGlobalSection
	GlobalSection(SolutionProperties) = preSolution
		HideSolutionNode = FALSE
	EndGlobalSection
	GlobalSection(ExtensibilityGlobals) = postSolution
		SolutionGuid = {6B34E0E5-DB59-4950-AFF8-2CA942DE7BB3}
	EndGlobalSection
EndGlobal
