
Microsoft Visual Studio Solution File, Format Version 12.00
# Visual Studio Version 17
VisualStudioVersion = 17.9.34607.119
MinimumVisualStudioVersion = 10.0.40219.1
Project("{FAE04EC0-301F-11D3-BF4B-00C04F79EFBC}") = "Aula_12_03", "Aula_12_03\Aula_12_03.csproj", "{A5C0803D-7B10-49BF-A81F-D0481052159A}"
EndProject
Global
	GlobalSection(SolutionConfigurationPlatforms) = preSolution
		Debug|Any CPU = Debug|Any CPU
		Release|Any CPU = Release|Any CPU
	EndGlobalSection
	GlobalSection(ProjectConfigurationPlatforms) = postSolution
		{A5C0803D-7B10-49BF-A81F-D0481052159A}.Debug|Any CPU.ActiveCfg = Debug|Any CPU
		{A5C0803D-7B10-49BF-A81F-D0481052159A}.Debug|Any CPU.Build.0 = Debug|Any CPU
		{A5C0803D-7B10-49BF-A81F-D0481052159A}.Release|Any CPU.ActiveCfg = Release|Any CPU
		{A5C0803D-7B10-49BF-A81F-D0481052159A}.Release|Any CPU.Build.0 = Release|Any CPU
	EndGlobalSection
	GlobalSection(SolutionProperties) = preSolution
		HideSolutionNode = FALSE
	EndGlobalSection
	GlobalSection(ExtensibilityGlobals) = postSolution
		SolutionGuid = {5D836BC4-FAF6-4C2C-A5DF-E97A7E0682D1}
	EndGlobalSection
EndGlobal
