
Microsoft Visual Studio Solution File, Format Version 12.00
# Visual Studio Version 17
VisualStudioVersion = 17.9.34723.18
MinimumVisualStudioVersion = 10.0.40219.1
Project("{FAE04EC0-301F-11D3-BF4B-00C04F79EFBC}") = "Models_Estudo", "Models_Estudo\Models_Estudo.csproj", "{1690B76B-4A22-46BA-9223-A8AE434EBDB3}"
EndProject
Global
	GlobalSection(SolutionConfigurationPlatforms) = preSolution
		Debug|Any CPU = Debug|Any CPU
		Release|Any CPU = Release|Any CPU
	EndGlobalSection
	GlobalSection(ProjectConfigurationPlatforms) = postSolution
		{1690B76B-4A22-46BA-9223-A8AE434EBDB3}.Debug|Any CPU.ActiveCfg = Debug|Any CPU
		{1690B76B-4A22-46BA-9223-A8AE434EBDB3}.Debug|Any CPU.Build.0 = Debug|Any CPU
		{1690B76B-4A22-46BA-9223-A8AE434EBDB3}.Release|Any CPU.ActiveCfg = Release|Any CPU
		{1690B76B-4A22-46BA-9223-A8AE434EBDB3}.Release|Any CPU.Build.0 = Release|Any CPU
	EndGlobalSection
	GlobalSection(SolutionProperties) = preSolution
		HideSolutionNode = FALSE
	EndGlobalSection
	GlobalSection(ExtensibilityGlobals) = postSolution
		SolutionGuid = {D73EDE6D-942F-4570-8200-F1305A862148}
	EndGlobalSection
EndGlobal
