
Microsoft Visual Studio Solution File, Format Version 12.00
# Visual Studio Version 17
VisualStudioVersion = 17.9.34723.18
MinimumVisualStudioVersion = 10.0.40219.1
Project("{FAE04EC0-301F-11D3-BF4B-00C04F79EFBC}") = "Estudo_Ex2", "Estudo_Ex2\Estudo_Ex2.csproj", "{048EDE33-B6A9-4816-9721-D02E13619EAD}"
EndProject
Global
	GlobalSection(SolutionConfigurationPlatforms) = preSolution
		Debug|Any CPU = Debug|Any CPU
		Release|Any CPU = Release|Any CPU
	EndGlobalSection
	GlobalSection(ProjectConfigurationPlatforms) = postSolution
		{048EDE33-B6A9-4816-9721-D02E13619EAD}.Debug|Any CPU.ActiveCfg = Debug|Any CPU
		{048EDE33-B6A9-4816-9721-D02E13619EAD}.Debug|Any CPU.Build.0 = Debug|Any CPU
		{048EDE33-B6A9-4816-9721-D02E13619EAD}.Release|Any CPU.ActiveCfg = Release|Any CPU
		{048EDE33-B6A9-4816-9721-D02E13619EAD}.Release|Any CPU.Build.0 = Release|Any CPU
	EndGlobalSection
	GlobalSection(SolutionProperties) = preSolution
		HideSolutionNode = FALSE
	EndGlobalSection
	GlobalSection(ExtensibilityGlobals) = postSolution
		SolutionGuid = {1C9FC7FF-7E4D-4DD6-AD4D-CA668ACD4602}
	EndGlobalSection
EndGlobal
