
Microsoft Visual Studio Solution File, Format Version 12.00
# Visual Studio Version 17
VisualStudioVersion = 17.9.34723.18
MinimumVisualStudioVersion = 10.0.40219.1
Project("{FAE04EC0-301F-11D3-BF4B-00C04F79EFBC}") = "Exceções_Aula8", "Exceções_Aula8\Exceções_Aula8.csproj", "{0AD491BC-AC4B-45EF-9806-8360FA48C2A7}"
EndProject
Global
	GlobalSection(SolutionConfigurationPlatforms) = preSolution
		Debug|Any CPU = Debug|Any CPU
		Release|Any CPU = Release|Any CPU
	EndGlobalSection
	GlobalSection(ProjectConfigurationPlatforms) = postSolution
		{0AD491BC-AC4B-45EF-9806-8360FA48C2A7}.Debug|Any CPU.ActiveCfg = Debug|Any CPU
		{0AD491BC-AC4B-45EF-9806-8360FA48C2A7}.Debug|Any CPU.Build.0 = Debug|Any CPU
		{0AD491BC-AC4B-45EF-9806-8360FA48C2A7}.Release|Any CPU.ActiveCfg = Release|Any CPU
		{0AD491BC-AC4B-45EF-9806-8360FA48C2A7}.Release|Any CPU.Build.0 = Release|Any CPU
	EndGlobalSection
	GlobalSection(SolutionProperties) = preSolution
		HideSolutionNode = FALSE
	EndGlobalSection
	GlobalSection(ExtensibilityGlobals) = postSolution
		SolutionGuid = {60BECDC7-05CC-49BB-ABAB-6E356D5D4E26}
	EndGlobalSection
EndGlobal
